{
  "name": "@maykoncapellari/cli-builder",
  "version": "1.0.1",
  "lockfileVersion": 3,
  "requires": true,
  "packages": {
    "": {
      "name": "@maykoncapellari/cli-builder",
      "version": "1.0.1",
      "license": "ISC",
      "dependencies": {
        "@maykoncapellari/cli-builder": "^1.0.1"
      }
    },
    "node_modules/@maykoncapellari/cli-builder": {
      "version": "1.0.1",
      "resolved": "https://registry.npmjs.org/@maykoncapellari/cli-builder/-/cli-builder-1.0.1.tgz",
      "integrity": "sha512-ptq4dxx2rubSYF0rGC5hfu2TTtVk7Vr9OMwdj6Xz+cMq7BYqNq7Xqb2UB4lA8/fwgtdc/HzvsX9U1GyRVStCew=="
    }
  }
}
